
Microsoft Visual Studio Solution File, Format Version 12.00
# Visual Studio Version 16
VisualStudioVersion = 16.0.28922.388
MinimumVisualStudioVersion = 10.0.40219.1
Project("{FAE04EC0-301F-11D3-BF4B-00C04F79EFBC}") = "FluidSim", "FluidSim\FluidSim.csproj", "{7A2BC10F-8F66-4F0D-8590-8FE44DE94620}"
EndProject
Global
	GlobalSection(SolutionConfigurationPlatforms) = preSolution
		Debug|Any CPU = Debug|Any CPU
		Release|Any CPU = Release|Any CPU
	EndGlobalSection
	GlobalSection(ProjectConfigurationPlatforms) = postSolution
		{7A2BC10F-8F66-4F0D-8590-8FE44DE94620}.Debug|Any CPU.ActiveCfg = Debug|Any CPU
		{7A2BC10F-8F66-4F0D-8590-8FE44DE94620}.Debug|Any CPU.Build.0 = Debug|Any CPU
		{7A2BC10F-8F66-4F0D-8590-8FE44DE94620}.Release|Any CPU.ActiveCfg = Release|Any CPU
		{7A2BC10F-8F66-4F0D-8590-8FE44DE94620}.Release|Any CPU.Build.0 = Release|Any CPU
	EndGlobalSection
	GlobalSection(SolutionProperties) = preSolution
		HideSolutionNode = FALSE
	EndGlobalSection
	GlobalSection(ExtensibilityGlobals) = postSolution
		SolutionGuid = {3FB8CB69-AEC5-454A-942F-88EE15AD0D22}
	EndGlobalSection
EndGlobal
